// !$*UTF8*$!
{
	archiveVersion = 1;
	classes = {
	};
	objectVersion = 48;
	objects = {

/* Begin PBXBuildFile section */
		DB181D3C2080B46900656A16 /* Expandable.swift in Sources */ = {isa = PBXBuildFile; fileRef = DB181D3B2080B46900656A16 /* Expandable.swift */; };
		DB48C4E72068C37600544FCD /* AppDelegate.swift in Sources */ = {isa = PBXBuildFile; fileRef = DB48C4E62068C37600544FCD /* AppDelegate.swift */; };
		DB48C4E92068C37600544FCD /* ViewController.swift in Sources */ = {isa = PBXBuildFile; fileRef = DB48C4E82068C37600544FCD /* ViewController.swift */; };
		DB48C4EC2068C37600544FCD /* Main.storyboard in Resources */ = {isa = PBXBuildFile; fileRef = DB48C4EA2068C37600544FCD /* Main.storyboard */; };
		DB48C4EE2068C37600544FCD /* Assets.xcassets in Resources */ = {isa = PBXBuildFile; fileRef = DB48C4ED2068C37600544FCD /* Assets.xcassets */; };
		DB48C4F12068C37600544FCD /* LaunchScreen.storyboard in Resources */ = {isa = PBXBuildFile; fileRef = DB48C4EF2068C37600544FCD /* LaunchScreen.storyboard */; };
		DB48C4F92068C71300544FCD /* ExpandableCell.swift in Sources */ = {isa = PBXBuildFile; fileRef = DB48C4F82068C71300544FCD /* ExpandableCell.swift */; };
/* End PBXBuildFile section */

/* Begin PBXFileReference section */
		DB181D3B2080B46900656A16 /* Expandable.swift */ = {isa = PBXFileReference; lastKnownFileType = sourcecode.swift; path = Expandable.swift; sourceTree = "<group>"; };
		DB48C4E32068C37600544FCD /* ExpandableCollectionViewCells.app */ = {isa = PBXFileReference; explicitFileType = wrapper.application; includeInIndex = 0; path = ExpandableCollectionViewCells.app; sourceTree = BUILT_PRODUCTS_DIR; };
		DB48C4E62068C37600544FCD /* AppDelegate.swift */ = {isa = PBXFileReference; lastKnownFileType = sourcecode.swift; path = AppDelegate.swift; sourceTree = "<group>"; };
		DB48C4E82068C37600544FCD /* ViewController.swift */ = {isa = PBXFileReference; lastKnownFileType = sourcecode.swift; path = ViewController.swift; sourceTree = "<group>"; };
		DB48C4EB2068C37600544FCD /* Base */ = {isa = PBXFileReference; lastKnownFileType = file.storyboard; name = Base; path = Base.lproj/Main.storyboard; sourceTree = "<group>"; };
		DB48C4ED2068C37600544FCD /* Assets.xcassets */ = {isa = PBXFileReference; lastKnownFileType = folder.assetcatalog; path = Assets.xcassets; sourceTree = "<group>"; };
		DB48C4F02068C37600544FCD /* Base */ = {isa = PBXFileReference; lastKnownFileType = file.storyboard; name = Base; path = Base.lproj/LaunchScreen.storyboard; sourceTree = "<group>"; };
		DB48C4F22068C37600544FCD /* Info.plist */ = {isa = PBXFileReference; lastKnownFileType = text.plist.xml; path = Info.plist; sourceTree = "<group>"; };
		DB48C4F82068C71300544FCD /* ExpandableCell.swift */ = {isa = PBXFileReference; lastKnownFileType = sourcecode.swift; path = ExpandableCell.swift; sourceTree = "<group>"; };
/* End PBXFileReference section */

/* Begin PBXFrameworksBuildPhase section */
		DB48C4E02068C37600544FCD /* Frameworks */ = {
			isa = PBXFrameworksBuildPhase;
			buildActionMask = 2147483647;
			files = (
			);
			runOnlyForDeploymentPostprocessing = 0;
		};
/* End PBXFrameworksBuildPhase section */

/* Begin PBXGroup section */
		DB181D3D2080B47600656A16 /* Protocols */ = {
			isa = PBXGroup;
			children = (
				DB181D3B2080B46900656A16 /* Expandable.swift */,
			);
			path = Protocols;
			sourceTree = "<group>";
		};
		DB181D3E2080B49400656A16 /* Cells */ = {
			isa = PBXGroup;
			children = (
				DB48C4F82068C71300544FCD /* ExpandableCell.swift */,
			);
			path = Cells;
			sourceTree = "<group>";
		};
		DB48C4DA2068C37600544FCD = {
			isa = PBXGroup;
			children = (
				DB48C4E52068C37600544FCD /* ExpandableCollectionViewCells */,
				DB48C4E42068C37600544FCD /* Products */,
			);
			sourceTree = "<group>";
		};
		DB48C4E42068C37600544FCD /* Products */ = {
			isa = PBXGroup;
			children = (
				DB48C4E32068C37600544FCD /* ExpandableCollectionViewCells.app */,
			);
			name = Products;
			sourceTree = "<group>";
		};
		DB48C4E52068C37600544FCD /* ExpandableCollectionViewCells */ = {
			isa = PBXGroup;
			children = (
				DB181D3D2080B47600656A16 /* Protocols */,
				DB181D3E2080B49400656A16 /* Cells */,
				DB48C4E82068C37600544FCD /* ViewController.swift */,
				DB48C4E62068C37600544FCD /* AppDelegate.swift */,
				DB48C4EA2068C37600544FCD /* Main.storyboard */,
				DB48C4ED2068C37600544FCD /* Assets.xcassets */,
				DB48C4EF2068C37600544FCD /* LaunchScreen.storyboard */,
				DB48C4F22068C37600544FCD /* Info.plist */,
			);
			path = ExpandableCollectionViewCells;
			sourceTree = "<group>";
		};
/* End PBXGroup section */

/* Begin PBXNativeTarget section */
		DB48C4E22068C37600544FCD /* ExpandableCollectionViewCells */ = {
			isa = PBXNativeTarget;
			buildConfigurationList = DB48C4F52068C37600544FCD /* Build configuration list for PBXNativeTarget "ExpandableCollectionViewCells" */;
			buildPhases = (
				DB48C4DF2068C37600544FCD /* Sources */,
				DB48C4E02068C37600544FCD /* Frameworks */,
				DB48C4E12068C37600544FCD /* Resources */,
			);
			buildRules = (
			);
			dependencies = (
			);
			name = ExpandableCollectionViewCells;
			productName = ExpandableCollectionViewCells;
			productReference = DB48C4E32068C37600544FCD /* ExpandableCollectionViewCells.app */;
			productType = "com.apple.product-type.application";
		};
/* End PBXNativeTarget section */

/* Begin PBXProject section */
		DB48C4DB2068C37600544FCD /* Project object */ = {
			isa = PBXProject;
			attributes = {
				LastSwiftUpdateCheck = 0920;
				LastUpgradeCheck = 0920;
				ORGANIZATIONNAME = dantish;
				TargetAttributes = {
					DB48C4E22068C37600544FCD = {
						CreatedOnToolsVersion = 9.2;
						ProvisioningStyle = Automatic;
					};
				};
			};
			buildConfigurationList = DB48C4DE2068C37600544FCD /* Build configuration list for PBXProject "ExpandableCollectionViewCells" */;
			compatibilityVersion = "Xcode 8.0";
			developmentRegion = en;
			hasScannedForEncodings = 0;
			knownRegions = (
				en,
				Base,
			);
			mainGroup = DB48C4DA2068C37600544FCD;
			productRefGroup = DB48C4E42068C37600544FCD /* Products */;
			projectDirPath = "";
			projectRoot = "";
			targets = (
				DB48C4E22068C37600544FCD /* ExpandableCollectionViewCells */,
			);
		};
/* End PBXProject section */

/* Begin PBXResourcesBuildPhase section */
		DB48C4E12068C37600544FCD /* Resources */ = {
			isa = PBXResourcesBuildPhase;
			buildActionMask = 2147483647;
			files = (
				DB48C4F12068C37600544FCD /* LaunchScreen.storyboard in Resources */,
				DB48C4EE2068C37600544FCD /* Assets.xcassets in Resources */,
				DB48C4EC2068C37600544FCD /* Main.storyboard in Resources */,
			);
			runOnlyForDeploymentPostprocessing = 0;
		};
/* End PBXResourcesBuildPhase section */

/* Begin PBXSourcesBuildPhase section */
		DB48C4DF2068C37600544FCD /* Sources */ = {
			isa = PBXSourcesBuildPhase;
			buildActionMask = 2147483647;
			files = (
				DB48C4E92068C37600544FCD /* ViewController.swift in Sources */,
				DB48C4E72068C37600544FCD /* AppDelegate.swift in Sources */,
				DB48C4F92068C71300544FCD /* ExpandableCell.swift in Sources */,
				DB181D3C2080B46900656A16 /* Expandable.swift in Sources */,
			);
			runOnlyForDeploymentPostprocessing = 0;
		};
/* End PBXSourcesBuildPhase section */

/* Begin PBXVariantGroup section */
		DB48C4EA2068C37600544FCD /* Main.storyboard */ = {
			isa = PBXVariantGroup;
			children = (
				DB48C4EB2068C37600544FCD /* Base */,
			);
			name = Main.storyboard;
			sourceTree = "<group>";
		};
		DB48C4EF2068C37600544FCD /* LaunchScreen.storyboard */ = {
			isa = PBXVariantGroup;
			children = (
				DB48C4F02068C37600544FCD /* Base */,
			);
			name = LaunchScreen.storyboard;
			sourceTree = "<group>";
		};
/* End PBXVariantGroup section */

/* Begin XCBuildConfiguration section */
		DB48C4F32068C37600544FCD /* Debug */ = {
			isa = XCBuildConfiguration;
			buildSettings = {
				ALWAYS_SEARCH_USER_PATHS = NO;
				CLANG_ANALYZER_NONNULL = YES;
				CLANG_ANALYZER_NUMBER_OBJECT_CONVERSION = YES_AGGRESSIVE;
				CLANG_CXX_LANGUAGE_STANDARD = "gnu++14";
				CLANG_CXX_LIBRARY = "libc++";
				CLANG_ENABLE_MODULES = YES;
				CLANG_ENABLE_OBJC_ARC = YES;
				CLANG_WARN_BLOCK_CAPTURE_AUTORELEASING = YES;
				CLANG_WARN_BOOL_CONVERSION = YES;
				CLANG_WARN_COMMA = YES;
				CLANG_WARN_CONSTANT_CONVERSION = YES;
				CLANG_WARN_DIRECT_OBJC_ISA_USAGE = YES_ERROR;
				CLANG_WARN_DOCUMENTATION_COMMENTS = YES;
				CLANG_WARN_EMPTY_BODY = YES;
				CLANG_WARN_ENUM_CONVERSION = YES;
				CLANG_WARN_INFINITE_RECURSION = YES;
				CLANG_WARN_INT_CONVERSION = YES;
				CLANG_WARN_NON_LITERAL_NULL_CONVERSION = YES;
				CLANG_WARN_OBJC_LITERAL_CONVERSION = YES;
				CLANG_WARN_OBJC_ROOT_CLASS = YES_ERROR;
				CLANG_WARN_RANGE_LOOP_ANALYSIS = YES;
				CLANG_WARN_STRICT_PROTOTYPES = YES;
				CLANG_WARN_SUSPICIOUS_MOVE = YES;
				CLANG_WARN_UNGUARDED_AVAILABILITY = YES_AGGRESSIVE;
				CLANG_WARN_UNREACHABLE_CODE = YES;
				CLANG_WARN__DUPLICATE_METHOD_MATCH = YES;
				CODE_SIGN_IDENTITY = "iPhone Developer";
				COPY_PHASE_STRIP = NO;
				DEBUG_INFORMATION_FORMAT = dwarf;
				ENABLE_STRICT_OBJC_MSGSEND = YES;
				ENABLE_TESTABILITY = YES;
				GCC_C_LANGUAGE_STANDARD = gnu11;
				GCC_DYNAMIC_NO_PIC = NO;
				GCC_NO_COMMON_BLOCKS = YES;
				GCC_OPTIMIZATION_LEVEL = 0;
				GCC_PREPROCESSOR_DEFINITIONS = (
					"DEBUG=1",
					"$(inherited)",
				);
				GCC_WARN_64_TO_32_BIT_CONVERSION = YES;
				GCC_WARN_ABOUT_RETURN_TYPE = YES_ERROR;
				GCC_WARN_UNDECLARED_SELECTOR = YES;
				GCC_WARN_UNINITIALIZED_AUTOS = YES_AGGRESSIVE;
				GCC_WARN_UNUSED_FUNCTION = YES;
				GCC_WARN_UNUSED_VARIABLE = YES;
				IPHONEOS_DEPLOYMENT_TARGET = 11.2;
				MTL_ENABLE_DEBUG_INFO = YES;
				ONLY_ACTIVE_ARCH = YES;
				SDKROOT = iphoneos;
				SWIFT_ACTIVE_COMPILATION_CONDITIONS = DEBUG;
				SWIFT_OPTIMIZATION_LEVEL = "-Onone";
			};
			name = Debug;
		};
		DB48C4F42068C37600544FCD /* Release */ = {
			isa = XCBuildConfiguration;
			buildSettings = {
				ALWAYS_SEARCH_USER_PATHS = NO;
				CLANG_ANALYZER_NONNULL = YES;
				CLANG_ANALYZER_NUMBER_OBJECT_CONVERSION = YES_AGGRESSIVE;
				CLANG_CXX_LANGUAGE_STANDARD = "gnu++14";
				CLANG_CXX_LIBRARY = "libc++";
				CLANG_ENABLE_MODULES = YES;
				CLANG_ENABLE_OBJC_ARC = YES;
				CLANG_WARN_BLOCK_CAPTURE_AUTORELEASING = YES;
				CLANG_WARN_BOOL_CONVERSION = YES;
				CLANG_WARN_COMMA = YES;
				CLANG_WARN_CONSTANT_CONVERSION = YES;
				CLANG_WARN_DIRECT_OBJC_ISA_USAGE = YES_ERROR;
				CLANG_WARN_DOCUMENTATION_COMMENTS = YES;
				CLANG_WARN_EMPTY_BODY = YES;
				CLANG_WARN_ENUM_CONVERSION = YES;
				CLANG_WARN_INFINITE_RECURSION = YES;
				CLANG_WARN_INT_CONVERSION = YES;
				CLANG_WARN_NON_LITERAL_NULL_CONVERSION = YES;
				CLANG_WARN_OBJC_LITERAL_CONVERSION = YES;
				CLANG_WARN_OBJC_ROOT_CLASS = YES_ERROR;
				CLANG_WARN_RANGE_LOOP_ANALYSIS = YES;
				CLANG_WARN_STRICT_PROTOTYPES = YES;
				CLANG_WARN_SUSPICIOUS_MOVE = YES;
				CLANG_WARN_UNGUARDED_AVAILABILITY = YES_AGGRESSIVE;
				CLANG_WARN_UNREACHABLE_CODE = YES;
				CLANG_WARN__DUPLICATE_METHOD_MATCH = YES;
				CODE_SIGN_IDENTITY = "iPhone Developer";
				COPY_PHASE_STRIP = NO;
				DEBUG_INFORMATION_FORMAT = "dwarf-with-dsym";
				ENABLE_NS_ASSERTIONS = NO;
				ENABLE_STRICT_OBJC_MSGSEND = YES;
				GCC_C_LANGUAGE_STANDARD = gnu11;
				GCC_NO_COMMON_BLOCKS = YES;
				GCC_WARN_64_TO_32_BIT_CONVERSION = YES;
				GCC_WARN_ABOUT_RETURN_TYPE = YES_ERROR;
				GCC_WARN_UNDECLARED_SELECTOR = YES;
				GCC_WARN_UNINITIALIZED_AUTOS = YES_AGGRESSIVE;
				GCC_WARN_UNUSED_FUNCTION = YES;
				GCC_WARN_UNUSED_VARIABLE = YES;
				IPHONEOS_DEPLOYMENT_TARGET = 11.2;
				MTL_ENABLE_DEBUG_INFO = NO;
				SDKROOT = iphoneos;
				SWIFT_OPTIMIZATION_LEVEL = "-Owholemodule";
				VALIDATE_PRODUCT = YES;
			};
			name = Release;
		};
		DB48C4F62068C37600544FCD /* Debug */ = {
			isa = XCBuildConfiguration;
			buildSettings = {
				ASSETCATALOG_COMPILER_APPICON_NAME = AppIcon;
				CODE_SIGN_STYLE = Automatic;
				DEVELOPMENT_TEAM = BTPQF57VMN;
				INFOPLIST_FILE = ExpandableCollectionViewCells/Info.plist;
				LD_RUNPATH_SEARCH_PATHS = "$(inherited) @executable_path/Frameworks";
				PRODUCT_BUNDLE_IDENTIFIER = dantish.ExpandableCollectionViewCells;
				PRODUCT_NAME = "$(TARGET_NAME)";
				SWIFT_VERSION = 4.0;
				TARGETED_DEVICE_FAMILY = "1,2";
			};
			name = Debug;
		};
		DB48C4F72068C37600544FCD /* Release */ = {
			isa = XCBuildConfiguration;
			buildSettings = {
				ASSETCATALOG_COMPILER_APPICON_NAME = AppIcon;
				CODE_SIGN_STYLE = Automatic;
				DEVELOPMENT_TEAM = BTPQF57VMN;
				INFOPLIST_FILE = ExpandableCollectionViewCells/Info.plist;
				LD_RUNPATH_SEARCH_PATHS = "$(inherited) @executable_path/Frameworks";
				PRODUCT_BUNDLE_IDENTIFIER = dantish.ExpandableCollectionViewCells;
				PRODUCT_NAME = "$(TARGET_NAME)";
				SWIFT_VERSION = 4.0;
				TARGETED_DEVICE_FAMILY = "1,2";
			};
			name = Release;
		};
/* End XCBuildConfiguration section */

/* Begin XCConfigurationList section */
		DB48C4DE2068C37600544FCD /* Build configuration list for PBXProject "ExpandableCollectionViewCells" */ = {
			isa = XCConfigurationList;
			buildConfigurations = (
				DB48C4F32068C37600544FCD /* Debug */,
				DB48C4F42068C37600544FCD /* Release */,
			);
			defaultConfigurationIsVisible = 0;
			defaultConfigurationName = Release;
		};
		DB48C4F52068C37600544FCD /* Build configuration list for PBXNativeTarget "ExpandableCollectionViewCells" */ = {
			isa = XCConfigurationList;
			buildConfigurations = (
				DB48C4F62068C37600544FCD /* Debug */,
				DB48C4F72068C37600544FCD /* Release */,
			);
			defaultConfigurationIsVisible = 0;
			defaultConfigurationName = Release;
		};
/* End XCConfigurationList section */
	};
	rootObject = DB48C4DB2068C37600544FCD /* Project object */;
}
